
Microsoft Visual Studio Solution File, Format Version 12.00
# Visual Studio Version 16
VisualStudioVersion = 16.0.30011.22
MinimumVisualStudioVersion = 10.0.40219.1
Project("{FAE04EC0-301F-11D3-BF4B-00C04F79EFBC}") = "Variables", "Variables.csproj", "{09D24BC6-CD17-423E-A1C3-D121706DDCAE}"
EndProject
Global
	GlobalSection(SolutionConfigurationPlatforms) = preSolution
		Debug|Any CPU = Debug|Any CPU
		Release|Any CPU = Release|Any CPU
	EndGlobalSection
	GlobalSection(ProjectConfigurationPlatforms) = postSolution
		{09D24BC6-CD17-423E-A1C3-D121706DDCAE}.Debug|Any CPU.ActiveCfg = Debug|Any CPU
		{09D24BC6-CD17-423E-A1C3-D121706DDCAE}.Debug|Any CPU.Build.0 = Debug|Any CPU
		{09D24BC6-CD17-423E-A1C3-D121706DDCAE}.Release|Any CPU.ActiveCfg = Release|Any CPU
		{09D24BC6-CD17-423E-A1C3-D121706DDCAE}.Release|Any CPU.Build.0 = Release|Any CPU
	EndGlobalSection
	GlobalSection(SolutionProperties) = preSolution
		HideSolutionNode = FALSE
	EndGlobalSection
	GlobalSection(ExtensibilityGlobals) = postSolution
		SolutionGuid = {3CEB064C-C9CB-4721-8FE0-0AFC13AC79E7}
	EndGlobalSection
EndGlobal
